
Microsoft Visual Studio Solution File, Format Version 12.00
# Visual Studio Version 17
VisualStudioVersion = 17.12.35707.178
MinimumVisualStudioVersion = 10.0.40219.1
Project("{FAE04EC0-301F-11D3-BF4B-00C04F79EFBC}") = "RXDKNeighborhood", "RXDKNeighborhood\RXDKNeighborhood.csproj", "{99D33ECA-CD87-4185-81B8-172F7E0ED521}"
EndProject
Project("{FAE04EC0-301F-11D3-BF4B-00C04F79EFBC}") = "RXDKXBDM", "RXDKXBDM\RXDKXBDM.csproj", "{8A626D17-3AB4-45BE-BDD4-ADF75CE8F45E}"
EndProject
Project("{2150E333-8FDC-42A3-9474-1A3956D46DE8}") = "Solution Items", "Solution Items", "{B73C0F77-BD72-4D75-90EF-1A2787EBF874}"
	ProjectSection(SolutionItems) = preProject
		Notes\XBDM commands by version - xboxdevwiki.pdf = Notes\XBDM commands by version - xboxdevwiki.pdf
		Notes\Xbox Debug Monitor - xboxdevwiki.pdf = Notes\Xbox Debug Monitor - xboxdevwiki.pdf
	EndProjectSection
EndProject
Project("{FAE04EC0-301F-11D3-BF4B-00C04F79EFBC}") = "RXDKTestRig", "RXDKTestRig\RXDKTestRig.csproj", "{7DEFEDCB-5C4A-40ED-9D1E-A051C4CA0540}"
EndProject
Global
	GlobalSection(SolutionConfigurationPlatforms) = preSolution
		Debug|Any CPU = Debug|Any CPU
		Release|Any CPU = Release|Any CPU
	EndGlobalSection
	GlobalSection(ProjectConfigurationPlatforms) = postSolution
		{99D33ECA-CD87-4185-81B8-172F7E0ED521}.Debug|Any CPU.ActiveCfg = Debug|Any CPU
		{99D33ECA-CD87-4185-81B8-172F7E0ED521}.Debug|Any CPU.Build.0 = Debug|Any CPU
		{99D33ECA-CD87-4185-81B8-172F7E0ED521}.Release|Any CPU.ActiveCfg = Release|Any CPU
		{99D33ECA-CD87-4185-81B8-172F7E0ED521}.Release|Any CPU.Build.0 = Release|Any CPU
		{8A626D17-3AB4-45BE-BDD4-ADF75CE8F45E}.Debug|Any CPU.ActiveCfg = Debug|Any CPU
		{8A626D17-3AB4-45BE-BDD4-ADF75CE8F45E}.Debug|Any CPU.Build.0 = Debug|Any CPU
		{8A626D17-3AB4-45BE-BDD4-ADF75CE8F45E}.Release|Any CPU.ActiveCfg = Release|Any CPU
		{8A626D17-3AB4-45BE-BDD4-ADF75CE8F45E}.Release|Any CPU.Build.0 = Release|Any CPU
		{7DEFEDCB-5C4A-40ED-9D1E-A051C4CA0540}.Debug|Any CPU.ActiveCfg = Debug|Any CPU
		{7DEFEDCB-5C4A-40ED-9D1E-A051C4CA0540}.Debug|Any CPU.Build.0 = Debug|Any CPU
		{7DEFEDCB-5C4A-40ED-9D1E-A051C4CA0540}.Release|Any CPU.ActiveCfg = Release|Any CPU
		{7DEFEDCB-5C4A-40ED-9D1E-A051C4CA0540}.Release|Any CPU.Build.0 = Release|Any CPU
	EndGlobalSection
	GlobalSection(SolutionProperties) = preSolution
		HideSolutionNode = FALSE
	EndGlobalSection
EndGlobal
